
Microsoft Visual Studio Solution File, Format Version 12.00
# Visual Studio Version 17
VisualStudioVersion = 17.13.35931.197 d17.13
MinimumVisualStudioVersion = 10.0.40219.1
Project("{FAE04EC0-301F-11D3-BF4B-00C04F79EFBC}") = "neden-patika", "neden-patika\neden-patika.csproj", "{EA8E4B82-2F8A-436B-9CF4-79EF4CAC88B9}"
EndProject
Global
	GlobalSection(SolutionConfigurationPlatforms) = preSolution
		Debug|Any CPU = Debug|Any CPU
		Release|Any CPU = Release|Any CPU
	EndGlobalSection
	GlobalSection(ProjectConfigurationPlatforms) = postSolution
		{EA8E4B82-2F8A-436B-9CF4-79EF4CAC88B9}.Debug|Any CPU.ActiveCfg = Debug|Any CPU
		{EA8E4B82-2F8A-436B-9CF4-79EF4CAC88B9}.Debug|Any CPU.Build.0 = Debug|Any CPU
		{EA8E4B82-2F8A-436B-9CF4-79EF4CAC88B9}.Release|Any CPU.ActiveCfg = Release|Any CPU
		{EA8E4B82-2F8A-436B-9CF4-79EF4CAC88B9}.Release|Any CPU.Build.0 = Release|Any CPU
	EndGlobalSection
	GlobalSection(SolutionProperties) = preSolution
		HideSolutionNode = FALSE
	EndGlobalSection
	GlobalSection(ExtensibilityGlobals) = postSolution
		SolutionGuid = {1608729C-9CB2-4F33-A8E8-598FD05001DC}
	EndGlobalSection
EndGlobal
